// !$*UTF8*$!
{
	archiveVersion = 1;
	classes = {
	};
	objectVersion = 50;
	objects = {

/* Begin PBXBuildFile section */
		CEE5F89D238BE1A6002A6308 /* AppDelegate.swift in Sources */ = {isa = PBXBuildFile; fileRef = CEE5F89C238BE1A6002A6308 /* AppDelegate.swift */; };
		CEE5F89F238BE1A6002A6308 /* SceneDelegate.swift in Sources */ = {isa = PBXBuildFile; fileRef = CEE5F89E238BE1A6002A6308 /* SceneDelegate.swift */; };
		CEE5F8A1238BE1A6002A6308 /* ViewController.swift in Sources */ = {isa = PBXBuildFile; fileRef = CEE5F8A0238BE1A6002A6308 /* ViewController.swift */; };
		CEE5F8A4238BE1A6002A6308 /* Main.storyboard in Resources */ = {isa = PBXBuildFile; fileRef = CEE5F8A2238BE1A6002A6308 /* Main.storyboard */; };
		CEE5F8A6238BE1A7002A6308 /* Assets.xcassets in Resources */ = {isa = PBXBuildFile; fileRef = CEE5F8A5238BE1A7002A6308 /* Assets.xcassets */; };
		CEE5F8A9238BE1A7002A6308 /* LaunchScreen.storyboard in Resources */ = {isa = PBXBuildFile; fileRef = CEE5F8A7238BE1A7002A6308 /* LaunchScreen.storyboard */; };
		CEE5F8B1238BECBB002A6308 /* SecondViewController.swift in Sources */ = {isa = PBXBuildFile; fileRef = CEE5F8B0238BECBB002A6308 /* SecondViewController.swift */; };
/* End PBXBuildFile section */

/* Begin PBXFileReference section */
		CEE5F899238BE1A6002A6308 /* ASMT19_11_25.app */ = {isa = PBXFileReference; explicitFileType = wrapper.application; includeInIndex = 0; path = ASMT19_11_25.app; sourceTree = BUILT_PRODUCTS_DIR; };
		CEE5F89C238BE1A6002A6308 /* AppDelegate.swift */ = {isa = PBXFileReference; lastKnownFileType = sourcecode.swift; path = AppDelegate.swift; sourceTree = "<group>"; };
		CEE5F89E238BE1A6002A6308 /* SceneDelegate.swift */ = {isa = PBXFileReference; lastKnownFileType = sourcecode.swift; path = SceneDelegate.swift; sourceTree = "<group>"; };
		CEE5F8A0238BE1A6002A6308 /* ViewController.swift */ = {isa = PBXFileReference; lastKnownFileType = sourcecode.swift; path = ViewController.swift; sourceTree = "<group>"; };
		CEE5F8A3238BE1A6002A6308 /* Base */ = {isa = PBXFileReference; lastKnownFileType = file.storyboard; name = Base; path = Base.lproj/Main.storyboard; sourceTree = "<group>"; };
		CEE5F8A5238BE1A7002A6308 /* Assets.xcassets */ = {isa = PBXFileReference; lastKnownFileType = folder.assetcatalog; path = Assets.xcassets; sourceTree = "<group>"; };
		CEE5F8A8238BE1A7002A6308 /* Base */ = {isa = PBXFileReference; lastKnownFileType = file.storyboard; name = Base; path = Base.lproj/LaunchScreen.storyboard; sourceTree = "<group>"; };
		CEE5F8AA238BE1A7002A6308 /* Info.plist */ = {isa = PBXFileReference; lastKnownFileType = text.plist.xml; path = Info.plist; sourceTree = "<group>"; };
		CEE5F8B0238BECBB002A6308 /* SecondViewController.swift */ = {isa = PBXFileReference; lastKnownFileType = sourcecode.swift; path = SecondViewController.swift; sourceTree = "<group>"; };
/* End PBXFileReference section */

/* Begin PBXFrameworksBuildPhase section */
		CEE5F896238BE1A6002A6308 /* Frameworks */ = {
			isa = PBXFrameworksBuildPhase;
			buildActionMask = 2147483647;
			files = (
			);
			runOnlyForDeploymentPostprocessing = 0;
		};
/* End PBXFrameworksBuildPhase section */

/* Begin PBXGroup section */
		CEE5F890238BE1A6002A6308 = {
			isa = PBXGroup;
			children = (
				CEE5F89B238BE1A6002A6308 /* ASMT19_11_25 */,
				CEE5F89A238BE1A6002A6308 /* Products */,
			);
			sourceTree = "<group>";
		};
		CEE5F89A238BE1A6002A6308 /* Products */ = {
			isa = PBXGroup;
			children = (
				CEE5F899238BE1A6002A6308 /* ASMT19_11_25.app */,
			);
			name = Products;
			sourceTree = "<group>";
		};
		CEE5F89B238BE1A6002A6308 /* ASMT19_11_25 */ = {
			isa = PBXGroup;
			children = (
				CEE5F89C238BE1A6002A6308 /* AppDelegate.swift */,
				CEE5F89E238BE1A6002A6308 /* SceneDelegate.swift */,
				CEE5F8A0238BE1A6002A6308 /* ViewController.swift */,
				CEE5F8B0238BECBB002A6308 /* SecondViewController.swift */,
				CEE5F8A2238BE1A6002A6308 /* Main.storyboard */,
				CEE5F8A5238BE1A7002A6308 /* Assets.xcassets */,
				CEE5F8A7238BE1A7002A6308 /* LaunchScreen.storyboard */,
				CEE5F8AA238BE1A7002A6308 /* Info.plist */,
			);
			path = ASMT19_11_25;
			sourceTree = "<group>";
		};
/* End PBXGroup section */

/* Begin PBXNativeTarget section */
		CEE5F898238BE1A6002A6308 /* ASMT19_11_25 */ = {
			isa = PBXNativeTarget;
			buildConfigurationList = CEE5F8AD238BE1A7002A6308 /* Build configuration list for PBXNativeTarget "ASMT19_11_25" */;
			buildPhases = (
				CEE5F895238BE1A6002A6308 /* Sources */,
				CEE5F896238BE1A6002A6308 /* Frameworks */,
				CEE5F897238BE1A6002A6308 /* Resources */,
			);
			buildRules = (
			);
			dependencies = (
			);
			name = ASMT19_11_25;
			productName = ASMT19_11_25;
			productReference = CEE5F899238BE1A6002A6308 /* ASMT19_11_25.app */;
			productType = "com.apple.product-type.application";
		};
/* End PBXNativeTarget section */

/* Begin PBXProject section */
		CEE5F891238BE1A6002A6308 /* Project object */ = {
			isa = PBXProject;
			attributes = {
				LastSwiftUpdateCheck = 1120;
				LastUpgradeCheck = 1120;
				ORGANIZATIONNAME = "Seongjun Im";
				TargetAttributes = {
					CEE5F898238BE1A6002A6308 = {
						CreatedOnToolsVersion = 11.2.1;
					};
				};
			};
			buildConfigurationList = CEE5F894238BE1A6002A6308 /* Build configuration list for PBXProject "ASMT19_11_25" */;
			compatibilityVersion = "Xcode 9.3";
			developmentRegion = en;
			hasScannedForEncodings = 0;
			knownRegions = (
				en,
				Base,
			);
			mainGroup = CEE5F890238BE1A6002A6308;
			productRefGroup = CEE5F89A238BE1A6002A6308 /* Products */;
			projectDirPath = "";
			projectRoot = "";
			targets = (
				CEE5F898238BE1A6002A6308 /* ASMT19_11_25 */,
			);
		};
/* End PBXProject section */

/* Begin PBXResourcesBuildPhase section */
		CEE5F897238BE1A6002A6308 /* Resources */ = {
			isa = PBXResourcesBuildPhase;
			buildActionMask = 2147483647;
			files = (
				CEE5F8A9238BE1A7002A6308 /* LaunchScreen.storyboard in Resources */,
				CEE5F8A6238BE1A7002A6308 /* Assets.xcassets in Resources */,
				CEE5F8A4238BE1A6002A6308 /* Main.storyboard in Resources */,
			);
			runOnlyForDeploymentPostprocessing = 0;
		};
/* End PBXResourcesBuildPhase section */

/* Begin PBXSourcesBuildPhase section */
		CEE5F895238BE1A6002A6308 /* Sources */ = {
			isa = PBXSourcesBuildPhase;
			buildActionMask = 2147483647;
			files = (
				CEE5F8B1238BECBB002A6308 /* SecondViewController.swift in Sources */,
				CEE5F8A1238BE1A6002A6308 /* ViewController.swift in Sources */,
				CEE5F89D238BE1A6002A6308 /* AppDelegate.swift in Sources */,
				CEE5F89F238BE1A6002A6308 /* SceneDelegate.swift in Sources */,
			);
			runOnlyForDeploymentPostprocessing = 0;
		};
/* End PBXSourcesBuildPhase section */

/* Begin PBXVariantGroup section */
		CEE5F8A2238BE1A6002A6308 /* Main.storyboard */ = {
			isa = PBXVariantGroup;
			children = (
				CEE5F8A3238BE1A6002A6308 /* Base */,
			);
			name = Main.storyboard;
			sourceTree = "<group>";
		};
		CEE5F8A7238BE1A7002A6308 /* LaunchScreen.storyboard */ = {
			isa = PBXVariantGroup;
			children = (
				CEE5F8A8238BE1A7002A6308 /* Base */,
			);
			name = LaunchScreen.storyboard;
			sourceTree = "<group>";
		};
/* End PBXVariantGroup section */

/* Begin XCBuildConfiguration section */
		CEE5F8AB238BE1A7002A6308 /* Debug */ = {
			isa = XCBuildConfiguration;
			buildSettings = {
				ALWAYS_SEARCH_USER_PATHS = NO;
				CLANG_ANALYZER_NONNULL = YES;
				CLANG_ANALYZER_NUMBER_OBJECT_CONVERSION = YES_AGGRESSIVE;
				CLANG_CXX_LANGUAGE_STANDARD = "gnu++14";
				CLANG_CXX_LIBRARY = "libc++";
				CLANG_ENABLE_MODULES = YES;
				CLANG_ENABLE_OBJC_ARC = YES;
				CLANG_ENABLE_OBJC_WEAK = YES;
				CLANG_WARN_BLOCK_CAPTURE_AUTORELEASING = YES;
				CLANG_WARN_BOOL_CONVERSION = YES;
				CLANG_WARN_COMMA = YES;
				CLANG_WARN_CONSTANT_CONVERSION = YES;
				CLANG_WARN_DEPRECATED_OBJC_IMPLEMENTATIONS = YES;
				CLANG_WARN_DIRECT_OBJC_ISA_USAGE = YES_ERROR;
				CLANG_WARN_DOCUMENTATION_COMMENTS = YES;
				CLANG_WARN_EMPTY_BODY = YES;
				CLANG_WARN_ENUM_CONVERSION = YES;
				CLANG_WARN_INFINITE_RECURSION = YES;
				CLANG_WARN_INT_CONVERSION = YES;
				CLANG_WARN_NON_LITERAL_NULL_CONVERSION = YES;
				CLANG_WARN_OBJC_IMPLICIT_RETAIN_SELF = YES;
				CLANG_WARN_OBJC_LITERAL_CONVERSION = YES;
				CLANG_WARN_OBJC_ROOT_CLASS = YES_ERROR;
				CLANG_WARN_RANGE_LOOP_ANALYSIS = YES;
				CLANG_WARN_STRICT_PROTOTYPES = YES;
				CLANG_WARN_SUSPICIOUS_MOVE = YES;
				CLANG_WARN_UNGUARDED_AVAILABILITY = YES_AGGRESSIVE;
				CLANG_WARN_UNREACHABLE_CODE = YES;
				CLANG_WARN__DUPLICATE_METHOD_MATCH = YES;
				COPY_PHASE_STRIP = NO;
				DEBUG_INFORMATION_FORMAT = dwarf;
				ENABLE_STRICT_OBJC_MSGSEND = YES;
				ENABLE_TESTABILITY = YES;
				GCC_C_LANGUAGE_STANDARD = gnu11;
				GCC_DYNAMIC_NO_PIC = NO;
				GCC_NO_COMMON_BLOCKS = YES;
				GCC_OPTIMIZATION_LEVEL = 0;
				GCC_PREPROCESSOR_DEFINITIONS = (
					"DEBUG=1",
					"$(inherited)",
				);
				GCC_WARN_64_TO_32_BIT_CONVERSION = YES;
				GCC_WARN_ABOUT_RETURN_TYPE = YES_ERROR;
				GCC_WARN_UNDECLARED_SELECTOR = YES;
				GCC_WARN_UNINITIALIZED_AUTOS = YES_AGGRESSIVE;
				GCC_WARN_UNUSED_FUNCTION = YES;
				GCC_WARN_UNUSED_VARIABLE = YES;
				IPHONEOS_DEPLOYMENT_TARGET = 13.2;
				MTL_ENABLE_DEBUG_INFO = INCLUDE_SOURCE;
				MTL_FAST_MATH = YES;
				ONLY_ACTIVE_ARCH = YES;
				SDKROOT = iphoneos;
				SWIFT_ACTIVE_COMPILATION_CONDITIONS = DEBUG;
				SWIFT_OPTIMIZATION_LEVEL = "-Onone";
			};
			name = Debug;
		};
		CEE5F8AC238BE1A7002A6308 /* Release */ = {
			isa = XCBuildConfiguration;
			buildSettings = {
				ALWAYS_SEARCH_USER_PATHS = NO;
				CLANG_ANALYZER_NONNULL = YES;
				CLANG_ANALYZER_NUMBER_OBJECT_CONVERSION = YES_AGGRESSIVE;
				CLANG_CXX_LANGUAGE_STANDARD = "gnu++14";
				CLANG_CXX_LIBRARY = "libc++";
				CLANG_ENABLE_MODULES = YES;
				CLANG_ENABLE_OBJC_ARC = YES;
				CLANG_ENABLE_OBJC_WEAK = YES;
				CLANG_WARN_BLOCK_CAPTURE_AUTORELEASING = YES;
				CLANG_WARN_BOOL_CONVERSION = YES;
				CLANG_WARN_COMMA = YES;
				CLANG_WARN_CONSTANT_CONVERSION = YES;
				CLANG_WARN_DEPRECATED_OBJC_IMPLEMENTATIONS = YES;
				CLANG_WARN_DIRECT_OBJC_ISA_USAGE = YES_ERROR;
				CLANG_WARN_DOCUMENTATION_COMMENTS = YES;
				CLANG_WARN_EMPTY_BODY = YES;
				CLANG_WARN_ENUM_CONVERSION = YES;
				CLANG_WARN_INFINITE_RECURSION = YES;
				CLANG_WARN_INT_CONVERSION = YES;
				CLANG_WARN_NON_LITERAL_NULL_CONVERSION = YES;
				CLANG_WARN_OBJC_IMPLICIT_RETAIN_SELF = YES;
				CLANG_WARN_OBJC_LITERAL_CONVERSION = YES;
				CLANG_WARN_OBJC_ROOT_CLASS = YES_ERROR;
				CLANG_WARN_RANGE_LOOP_ANALYSIS = YES;
				CLANG_WARN_STRICT_PROTOTYPES = YES;
				CLANG_WARN_SUSPICIOUS_MOVE = YES;
				CLANG_WARN_UNGUARDED_AVAILABILITY = YES_AGGRESSIVE;
				CLANG_WARN_UNREACHABLE_CODE = YES;
				CLANG_WARN__DUPLICATE_METHOD_MATCH = YES;
				COPY_PHASE_STRIP = NO;
				DEBUG_INFORMATION_FORMAT = "dwarf-with-dsym";
				ENABLE_NS_ASSERTIONS = NO;
				ENABLE_STRICT_OBJC_MSGSEND = YES;
				GCC_C_LANGUAGE_STANDARD = gnu11;
				GCC_NO_COMMON_BLOCKS = YES;
				GCC_WARN_64_TO_32_BIT_CONVERSION = YES;
				GCC_WARN_ABOUT_RETURN_TYPE = YES_ERROR;
				GCC_WARN_UNDECLARED_SELECTOR = YES;
				GCC_WARN_UNINITIALIZED_AUTOS = YES_AGGRESSIVE;
				GCC_WARN_UNUSED_FUNCTION = YES;
				GCC_WARN_UNUSED_VARIABLE = YES;
				IPHONEOS_DEPLOYMENT_TARGET = 13.2;
				MTL_ENABLE_DEBUG_INFO = NO;
				MTL_FAST_MATH = YES;
				SDKROOT = iphoneos;
				SWIFT_COMPILATION_MODE = wholemodule;
				SWIFT_OPTIMIZATION_LEVEL = "-O";
				VALIDATE_PRODUCT = YES;
			};
			name = Release;
		};
		CEE5F8AE238BE1A7002A6308 /* Debug */ = {
			isa = XCBuildConfiguration;
			buildSettings = {
				ASSETCATALOG_COMPILER_APPICON_NAME = AppIcon;
				CODE_SIGN_STYLE = Automatic;
				INFOPLIST_FILE = ASMT19_11_25/Info.plist;
				LD_RUNPATH_SEARCH_PATHS = (
					"$(inherited)",
					"@executable_path/Frameworks",
				);
				PRODUCT_BUNDLE_IDENTIFIER = "com.SeongjunIm.www.ASMT19-11-25";
				PRODUCT_NAME = "$(TARGET_NAME)";
				SWIFT_VERSION = 5.0;
				TARGETED_DEVICE_FAMILY = "1,2";
			};
			name = Debug;
		};
		CEE5F8AF238BE1A7002A6308 /* Release */ = {
			isa = XCBuildConfiguration;
			buildSettings = {
				ASSETCATALOG_COMPILER_APPICON_NAME = AppIcon;
				CODE_SIGN_STYLE = Automatic;
				INFOPLIST_FILE = ASMT19_11_25/Info.plist;
				LD_RUNPATH_SEARCH_PATHS = (
					"$(inherited)",
					"@executable_path/Frameworks",
				);
				PRODUCT_BUNDLE_IDENTIFIER = "com.SeongjunIm.www.ASMT19-11-25";
				PRODUCT_NAME = "$(TARGET_NAME)";
				SWIFT_VERSION = 5.0;
				TARGETED_DEVICE_FAMILY = "1,2";
			};
			name = Release;
		};
/* End XCBuildConfiguration section */

/* Begin XCConfigurationList section */
		CEE5F894238BE1A6002A6308 /* Build configuration list for PBXProject "ASMT19_11_25" */ = {
			isa = XCConfigurationList;
			buildConfigurations = (
				CEE5F8AB238BE1A7002A6308 /* Debug */,
				CEE5F8AC238BE1A7002A6308 /* Release */,
			);
			defaultConfigurationIsVisible = 0;
			defaultConfigurationName = Release;
		};
		CEE5F8AD238BE1A7002A6308 /* Build configuration list for PBXNativeTarget "ASMT19_11_25" */ = {
			isa = XCConfigurationList;
			buildConfigurations = (
				CEE5F8AE238BE1A7002A6308 /* Debug */,
				CEE5F8AF238BE1A7002A6308 /* Release */,
			);
			defaultConfigurationIsVisible = 0;
			defaultConfigurationName = Release;
		};
/* End XCConfigurationList section */
	};
	rootObject = CEE5F891238BE1A6002A6308 /* Project object */;
}
